// !$*UTF8*$!
{
	archiveVersion = 1;
	classes = {
	};
	objectVersion = 48;
	objects = {

/* Begin PBXBuildFile section */
		44A00AB9203E9200000DC88F /* GoogleService-Info.plist in Resources */ = {isa = PBXBuildFile; fileRef = 44A00AB8203E9200000DC88F /* GoogleService-Info.plist */; };
		44A00ABB203E9714000DC88F /* AuthViewController.swift in Sources */ = {isa = PBXBuildFile; fileRef = 44A00ABA203E9714000DC88F /* AuthViewController.swift */; };
		44A00ABE203EA5FA000DC88F /* TodoListViewController.swift in Sources */ = {isa = PBXBuildFile; fileRef = 44A00ABD203EA5FA000DC88F /* TodoListViewController.swift */; };
		44A00AC0203EA927000DC88F /* TodoListCell.swift in Sources */ = {isa = PBXBuildFile; fileRef = 44A00ABF203EA927000DC88F /* TodoListCell.swift */; };
		44A00AC2203EAAE4000DC88F /* TodoItem.swift in Sources */ = {isa = PBXBuildFile; fileRef = 44A00AC1203EAAE4000DC88F /* TodoItem.swift */; };
		44DABB93203E8E1A001E0C65 /* AppDelegate.swift in Sources */ = {isa = PBXBuildFile; fileRef = 44DABB92203E8E1A001E0C65 /* AppDelegate.swift */; };
		44DABB95203E8E1A001E0C65 /* ViewController.swift in Sources */ = {isa = PBXBuildFile; fileRef = 44DABB94203E8E1A001E0C65 /* ViewController.swift */; };
		44DABB98203E8E1A001E0C65 /* Main.storyboard in Resources */ = {isa = PBXBuildFile; fileRef = 44DABB96203E8E1A001E0C65 /* Main.storyboard */; };
		44DABB9A203E8E1A001E0C65 /* Assets.xcassets in Resources */ = {isa = PBXBuildFile; fileRef = 44DABB99203E8E1A001E0C65 /* Assets.xcassets */; };
		44DABB9D203E8E1A001E0C65 /* LaunchScreen.storyboard in Resources */ = {isa = PBXBuildFile; fileRef = 44DABB9B203E8E1A001E0C65 /* LaunchScreen.storyboard */; };
		621A05A61EE2655A4278C1D0 /* Pods_TodoList.framework in Frameworks */ = {isa = PBXBuildFile; fileRef = AC3BE830C99EDAE866BA5C23 /* Pods_TodoList.framework */; };
/* End PBXBuildFile section */

/* Begin PBXFileReference section */
		16ED67756B996E7F4DEADE20 /* Pods-TodoList.debug.xcconfig */ = {isa = PBXFileReference; includeInIndex = 1; lastKnownFileType = text.xcconfig; name = "Pods-TodoList.debug.xcconfig"; path = "Pods/Target Support Files/Pods-TodoList/Pods-TodoList.debug.xcconfig"; sourceTree = "<group>"; };
		44A00AB8203E9200000DC88F /* GoogleService-Info.plist */ = {isa = PBXFileReference; fileEncoding = 4; lastKnownFileType = text.plist.xml; path = "GoogleService-Info.plist"; sourceTree = "<group>"; };
		44A00ABA203E9714000DC88F /* AuthViewController.swift */ = {isa = PBXFileReference; lastKnownFileType = sourcecode.swift; path = AuthViewController.swift; sourceTree = "<group>"; };
		44A00ABD203EA5FA000DC88F /* TodoListViewController.swift */ = {isa = PBXFileReference; lastKnownFileType = sourcecode.swift; path = TodoListViewController.swift; sourceTree = "<group>"; };
		44A00ABF203EA927000DC88F /* TodoListCell.swift */ = {isa = PBXFileReference; lastKnownFileType = sourcecode.swift; path = TodoListCell.swift; sourceTree = "<group>"; };
		44A00AC1203EAAE4000DC88F /* TodoItem.swift */ = {isa = PBXFileReference; lastKnownFileType = sourcecode.swift; path = TodoItem.swift; sourceTree = "<group>"; };
		44DABB8F203E8E1A001E0C65 /* TodoList.app */ = {isa = PBXFileReference; explicitFileType = wrapper.application; includeInIndex = 0; path = TodoList.app; sourceTree = BUILT_PRODUCTS_DIR; };
		44DABB92203E8E1A001E0C65 /* AppDelegate.swift */ = {isa = PBXFileReference; lastKnownFileType = sourcecode.swift; path = AppDelegate.swift; sourceTree = "<group>"; };
		44DABB94203E8E1A001E0C65 /* ViewController.swift */ = {isa = PBXFileReference; lastKnownFileType = sourcecode.swift; path = ViewController.swift; sourceTree = "<group>"; };
		44DABB97203E8E1A001E0C65 /* Base */ = {isa = PBXFileReference; lastKnownFileType = file.storyboard; name = Base; path = Base.lproj/Main.storyboard; sourceTree = "<group>"; };
		44DABB99203E8E1A001E0C65 /* Assets.xcassets */ = {isa = PBXFileReference; lastKnownFileType = folder.assetcatalog; path = Assets.xcassets; sourceTree = "<group>"; };
		44DABB9C203E8E1A001E0C65 /* Base */ = {isa = PBXFileReference; lastKnownFileType = file.storyboard; name = Base; path = Base.lproj/LaunchScreen.storyboard; sourceTree = "<group>"; };
		44DABB9E203E8E1A001E0C65 /* Info.plist */ = {isa = PBXFileReference; lastKnownFileType = text.plist.xml; path = Info.plist; sourceTree = "<group>"; };
		A257919980FFA9CBB931E8B3 /* Pods-TodoList.release.xcconfig */ = {isa = PBXFileReference; includeInIndex = 1; lastKnownFileType = text.xcconfig; name = "Pods-TodoList.release.xcconfig"; path = "Pods/Target Support Files/Pods-TodoList/Pods-TodoList.release.xcconfig"; sourceTree = "<group>"; };
		AC3BE830C99EDAE866BA5C23 /* Pods_TodoList.framework */ = {isa = PBXFileReference; explicitFileType = wrapper.framework; includeInIndex = 0; path = Pods_TodoList.framework; sourceTree = BUILT_PRODUCTS_DIR; };
/* End PBXFileReference section */

/* Begin PBXFrameworksBuildPhase section */
		44DABB8C203E8E1A001E0C65 /* Frameworks */ = {
			isa = PBXFrameworksBuildPhase;
			buildActionMask = 2147483647;
			files = (
				621A05A61EE2655A4278C1D0 /* Pods_TodoList.framework in Frameworks */,
			);
			runOnlyForDeploymentPostprocessing = 0;
		};
/* End PBXFrameworksBuildPhase section */

/* Begin PBXGroup section */
		44DABB86203E8E1A001E0C65 = {
			isa = PBXGroup;
			children = (
				44DABB91203E8E1A001E0C65 /* TodoList */,
				44DABB90203E8E1A001E0C65 /* Products */,
				B40EF6D75DD1A9C6746E7EAB /* Pods */,
				5DBE8EEDB1216DE57638C76C /* Frameworks */,
			);
			sourceTree = "<group>";
		};
		44DABB90203E8E1A001E0C65 /* Products */ = {
			isa = PBXGroup;
			children = (
				44DABB8F203E8E1A001E0C65 /* TodoList.app */,
			);
			name = Products;
			sourceTree = "<group>";
		};
		44DABB91203E8E1A001E0C65 /* TodoList */ = {
			isa = PBXGroup;
			children = (
				44DABB92203E8E1A001E0C65 /* AppDelegate.swift */,
				44DABB94203E8E1A001E0C65 /* ViewController.swift */,
				44A00ABA203E9714000DC88F /* AuthViewController.swift */,
				44A00ABD203EA5FA000DC88F /* TodoListViewController.swift */,
				44A00ABF203EA927000DC88F /* TodoListCell.swift */,
				44A00AC1203EAAE4000DC88F /* TodoItem.swift */,
				44DABB96203E8E1A001E0C65 /* Main.storyboard */,
				44DABB99203E8E1A001E0C65 /* Assets.xcassets */,
				44DABB9B203E8E1A001E0C65 /* LaunchScreen.storyboard */,
				44DABB9E203E8E1A001E0C65 /* Info.plist */,
				44A00AB8203E9200000DC88F /* GoogleService-Info.plist */,
			);
			path = TodoList;
			sourceTree = "<group>";
		};
		5DBE8EEDB1216DE57638C76C /* Frameworks */ = {
			isa = PBXGroup;
			children = (
				AC3BE830C99EDAE866BA5C23 /* Pods_TodoList.framework */,
			);
			name = Frameworks;
			sourceTree = "<group>";
		};
		B40EF6D75DD1A9C6746E7EAB /* Pods */ = {
			isa = PBXGroup;
			children = (
				16ED67756B996E7F4DEADE20 /* Pods-TodoList.debug.xcconfig */,
				A257919980FFA9CBB931E8B3 /* Pods-TodoList.release.xcconfig */,
			);
			name = Pods;
			sourceTree = "<group>";
		};
/* End PBXGroup section */

/* Begin PBXNativeTarget section */
		44DABB8E203E8E1A001E0C65 /* TodoList */ = {
			isa = PBXNativeTarget;
			buildConfigurationList = 44DABBA1203E8E1A001E0C65 /* Build configuration list for PBXNativeTarget "TodoList" */;
			buildPhases = (
				556F25F18F7D9C103C29FB2E /* [CP] Check Pods Manifest.lock */,
				44DABB8B203E8E1A001E0C65 /* Sources */,
				44DABB8C203E8E1A001E0C65 /* Frameworks */,
				44DABB8D203E8E1A001E0C65 /* Resources */,
				F9958C8CE44175DA0102725F /* [CP] Embed Pods Frameworks */,
				BD2CD33FD35CC0EF760C36B0 /* [CP] Copy Pods Resources */,
			);
			buildRules = (
			);
			dependencies = (
			);
			name = TodoList;
			productName = TodoList;
			productReference = 44DABB8F203E8E1A001E0C65 /* TodoList.app */;
			productType = "com.apple.product-type.application";
		};
/* End PBXNativeTarget section */

/* Begin PBXProject section */
		44DABB87203E8E1A001E0C65 /* Project object */ = {
			isa = PBXProject;
			attributes = {
				LastSwiftUpdateCheck = 0920;
				LastUpgradeCheck = 0920;
				ORGANIZATIONNAME = CCMOS;
				TargetAttributes = {
					44DABB8E203E8E1A001E0C65 = {
						CreatedOnToolsVersion = 9.2;
						ProvisioningStyle = Automatic;
					};
				};
			};
			buildConfigurationList = 44DABB8A203E8E1A001E0C65 /* Build configuration list for PBXProject "TodoList" */;
			compatibilityVersion = "Xcode 8.0";
			developmentRegion = en;
			hasScannedForEncodings = 0;
			knownRegions = (
				en,
				Base,
			);
			mainGroup = 44DABB86203E8E1A001E0C65;
			productRefGroup = 44DABB90203E8E1A001E0C65 /* Products */;
			projectDirPath = "";
			projectRoot = "";
			targets = (
				44DABB8E203E8E1A001E0C65 /* TodoList */,
			);
		};
/* End PBXProject section */

/* Begin PBXResourcesBuildPhase section */
		44DABB8D203E8E1A001E0C65 /* Resources */ = {
			isa = PBXResourcesBuildPhase;
			buildActionMask = 2147483647;
			files = (
				44DABB9D203E8E1A001E0C65 /* LaunchScreen.storyboard in Resources */,
				44A00AB9203E9200000DC88F /* GoogleService-Info.plist in Resources */,
				44DABB9A203E8E1A001E0C65 /* Assets.xcassets in Resources */,
				44DABB98203E8E1A001E0C65 /* Main.storyboard in Resources */,
			);
			runOnlyForDeploymentPostprocessing = 0;
		};
/* End PBXResourcesBuildPhase section */

/* Begin PBXShellScriptBuildPhase section */
		556F25F18F7D9C103C29FB2E /* [CP] Check Pods Manifest.lock */ = {
			isa = PBXShellScriptBuildPhase;
			buildActionMask = 2147483647;
			files = (
			);
			inputPaths = (
				"${PODS_PODFILE_DIR_PATH}/Podfile.lock",
				"${PODS_ROOT}/Manifest.lock",
			);
			name = "[CP] Check Pods Manifest.lock";
			outputPaths = (
				"$(DERIVED_FILE_DIR)/Pods-TodoList-checkManifestLockResult.txt",
			);
			runOnlyForDeploymentPostprocessing = 0;
			shellPath = /bin/sh;
			shellScript = "diff \"${PODS_PODFILE_DIR_PATH}/Podfile.lock\" \"${PODS_ROOT}/Manifest.lock\" > /dev/null\nif [ $? != 0 ] ; then\n    # print error to STDERR\n    echo \"error: The sandbox is not in sync with the Podfile.lock. Run 'pod install' or update your CocoaPods installation.\" >&2\n    exit 1\nfi\n# This output is used by Xcode 'outputs' to avoid re-running this script phase.\necho \"SUCCESS\" > \"${SCRIPT_OUTPUT_FILE_0}\"\n";
			showEnvVarsInLog = 0;
		};
		BD2CD33FD35CC0EF760C36B0 /* [CP] Copy Pods Resources */ = {
			isa = PBXShellScriptBuildPhase;
			buildActionMask = 2147483647;
			files = (
			);
			inputPaths = (
			);
			name = "[CP] Copy Pods Resources";
			outputPaths = (
			);
			runOnlyForDeploymentPostprocessing = 0;
			shellPath = /bin/sh;
			shellScript = "\"${SRCROOT}/Pods/Target Support Files/Pods-TodoList/Pods-TodoList-resources.sh\"\n";
			showEnvVarsInLog = 0;
		};
		F9958C8CE44175DA0102725F /* [CP] Embed Pods Frameworks */ = {
			isa = PBXShellScriptBuildPhase;
			buildActionMask = 2147483647;
			files = (
			);
			inputPaths = (
				"${SRCROOT}/Pods/Target Support Files/Pods-TodoList/Pods-TodoList-frameworks.sh",
				"${BUILT_PRODUCTS_DIR}/GTMSessionFetcher/GTMSessionFetcher.framework",
				"${BUILT_PRODUCTS_DIR}/GoogleToolboxForMac/GoogleToolboxForMac.framework",
				"${BUILT_PRODUCTS_DIR}/SwifterSwift/SwifterSwift.framework",
				"${BUILT_PRODUCTS_DIR}/leveldb-library/leveldb.framework",
				"${BUILT_PRODUCTS_DIR}/nanopb/nanopb.framework",
			);
			name = "[CP] Embed Pods Frameworks";
			outputPaths = (
				"${TARGET_BUILD_DIR}/${FRAMEWORKS_FOLDER_PATH}/GTMSessionFetcher.framework",
				"${TARGET_BUILD_DIR}/${FRAMEWORKS_FOLDER_PATH}/GoogleToolboxForMac.framework",
				"${TARGET_BUILD_DIR}/${FRAMEWORKS_FOLDER_PATH}/SwifterSwift.framework",
				"${TARGET_BUILD_DIR}/${FRAMEWORKS_FOLDER_PATH}/leveldb.framework",
				"${TARGET_BUILD_DIR}/${FRAMEWORKS_FOLDER_PATH}/nanopb.framework",
			);
			runOnlyForDeploymentPostprocessing = 0;
			shellPath = /bin/sh;
			shellScript = "\"${SRCROOT}/Pods/Target Support Files/Pods-TodoList/Pods-TodoList-frameworks.sh\"\n";
			showEnvVarsInLog = 0;
		};
/* End PBXShellScriptBuildPhase section */

/* Begin PBXSourcesBuildPhase section */
		44DABB8B203E8E1A001E0C65 /* Sources */ = {
			isa = PBXSourcesBuildPhase;
			buildActionMask = 2147483647;
			files = (
				44A00ABE203EA5FA000DC88F /* TodoListViewController.swift in Sources */,
				44A00AC0203EA927000DC88F /* TodoListCell.swift in Sources */,
				44DABB95203E8E1A001E0C65 /* ViewController.swift in Sources */,
				44A00ABB203E9714000DC88F /* AuthViewController.swift in Sources */,
				44A00AC2203EAAE4000DC88F /* TodoItem.swift in Sources */,
				44DABB93203E8E1A001E0C65 /* AppDelegate.swift in Sources */,
			);
			runOnlyForDeploymentPostprocessing = 0;
		};
/* End PBXSourcesBuildPhase section */

/* Begin PBXVariantGroup section */
		44DABB96203E8E1A001E0C65 /* Main.storyboard */ = {
			isa = PBXVariantGroup;
			children = (
				44DABB97203E8E1A001E0C65 /* Base */,
			);
			name = Main.storyboard;
			sourceTree = "<group>";
		};
		44DABB9B203E8E1A001E0C65 /* LaunchScreen.storyboard */ = {
			isa = PBXVariantGroup;
			children = (
				44DABB9C203E8E1A001E0C65 /* Base */,
			);
			name = LaunchScreen.storyboard;
			sourceTree = "<group>";
		};
/* End PBXVariantGroup section */

/* Begin XCBuildConfiguration section */
		44DABB9F203E8E1A001E0C65 /* Debug */ = {
			isa = XCBuildConfiguration;
			buildSettings = {
				ALWAYS_SEARCH_USER_PATHS = NO;
				CLANG_ANALYZER_NONNULL = YES;
				CLANG_ANALYZER_NUMBER_OBJECT_CONVERSION = YES_AGGRESSIVE;
				CLANG_CXX_LANGUAGE_STANDARD = "gnu++14";
				CLANG_CXX_LIBRARY = "libc++";
				CLANG_ENABLE_MODULES = YES;
				CLANG_ENABLE_OBJC_ARC = YES;
				CLANG_WARN_BLOCK_CAPTURE_AUTORELEASING = YES;
				CLANG_WARN_BOOL_CONVERSION = YES;
				CLANG_WARN_COMMA = YES;
				CLANG_WARN_CONSTANT_CONVERSION = YES;
				CLANG_WARN_DIRECT_OBJC_ISA_USAGE = YES_ERROR;
				CLANG_WARN_DOCUMENTATION_COMMENTS = YES;
				CLANG_WARN_EMPTY_BODY = YES;
				CLANG_WARN_ENUM_CONVERSION = YES;
				CLANG_WARN_INFINITE_RECURSION = YES;
				CLANG_WARN_INT_CONVERSION = YES;
				CLANG_WARN_NON_LITERAL_NULL_CONVERSION = YES;
				CLANG_WARN_OBJC_LITERAL_CONVERSION = YES;
				CLANG_WARN_OBJC_ROOT_CLASS = YES_ERROR;
				CLANG_WARN_RANGE_LOOP_ANALYSIS = YES;
				CLANG_WARN_STRICT_PROTOTYPES = YES;
				CLANG_WARN_SUSPICIOUS_MOVE = YES;
				CLANG_WARN_UNGUARDED_AVAILABILITY = YES_AGGRESSIVE;
				CLANG_WARN_UNREACHABLE_CODE = YES;
				CLANG_WARN__DUPLICATE_METHOD_MATCH = YES;
				CODE_SIGN_IDENTITY = "iPhone Developer";
				COPY_PHASE_STRIP = NO;
				DEBUG_INFORMATION_FORMAT = dwarf;
				ENABLE_STRICT_OBJC_MSGSEND = YES;
				ENABLE_TESTABILITY = YES;
				GCC_C_LANGUAGE_STANDARD = gnu11;
				GCC_DYNAMIC_NO_PIC = NO;
				GCC_NO_COMMON_BLOCKS = YES;
				GCC_OPTIMIZATION_LEVEL = 0;
				GCC_PREPROCESSOR_DEFINITIONS = (
					"DEBUG=1",
					"$(inherited)",
				);
				GCC_WARN_64_TO_32_BIT_CONVERSION = YES;
				GCC_WARN_ABOUT_RETURN_TYPE = YES_ERROR;
				GCC_WARN_UNDECLARED_SELECTOR = YES;
				GCC_WARN_UNINITIALIZED_AUTOS = YES_AGGRESSIVE;
				GCC_WARN_UNUSED_FUNCTION = YES;
				GCC_WARN_UNUSED_VARIABLE = YES;
				IPHONEOS_DEPLOYMENT_TARGET = 11.2;
				MTL_ENABLE_DEBUG_INFO = YES;
				ONLY_ACTIVE_ARCH = YES;
				SDKROOT = iphoneos;
				SWIFT_ACTIVE_COMPILATION_CONDITIONS = DEBUG;
				SWIFT_OPTIMIZATION_LEVEL = "-Onone";
			};
			name = Debug;
		};
		44DABBA0203E8E1A001E0C65 /* Release */ = {
			isa = XCBuildConfiguration;
			buildSettings = {
				ALWAYS_SEARCH_USER_PATHS = NO;
				CLANG_ANALYZER_NONNULL = YES;
				CLANG_ANALYZER_NUMBER_OBJECT_CONVERSION = YES_AGGRESSIVE;
				CLANG_CXX_LANGUAGE_STANDARD = "gnu++14";
				CLANG_CXX_LIBRARY = "libc++";
				CLANG_ENABLE_MODULES = YES;
				CLANG_ENABLE_OBJC_ARC = YES;
				CLANG_WARN_BLOCK_CAPTURE_AUTORELEASING = YES;
				CLANG_WARN_BOOL_CONVERSION = YES;
				CLANG_WARN_COMMA = YES;
				CLANG_WARN_CONSTANT_CONVERSION = YES;
				CLANG_WARN_DIRECT_OBJC_ISA_USAGE = YES_ERROR;
				CLANG_WARN_DOCUMENTATION_COMMENTS = YES;
				CLANG_WARN_EMPTY_BODY = YES;
				CLANG_WARN_ENUM_CONVERSION = YES;
				CLANG_WARN_INFINITE_RECURSION = YES;
				CLANG_WARN_INT_CONVERSION = YES;
				CLANG_WARN_NON_LITERAL_NULL_CONVERSION = YES;
				CLANG_WARN_OBJC_LITERAL_CONVERSION = YES;
				CLANG_WARN_OBJC_ROOT_CLASS = YES_ERROR;
				CLANG_WARN_RANGE_LOOP_ANALYSIS = YES;
				CLANG_WARN_STRICT_PROTOTYPES = YES;
				CLANG_WARN_SUSPICIOUS_MOVE = YES;
				CLANG_WARN_UNGUARDED_AVAILABILITY = YES_AGGRESSIVE;
				CLANG_WARN_UNREACHABLE_CODE = YES;
				CLANG_WARN__DUPLICATE_METHOD_MATCH = YES;
				CODE_SIGN_IDENTITY = "iPhone Developer";
				COPY_PHASE_STRIP = NO;
				DEBUG_INFORMATION_FORMAT = "dwarf-with-dsym";
				ENABLE_NS_ASSERTIONS = NO;
				ENABLE_STRICT_OBJC_MSGSEND = YES;
				GCC_C_LANGUAGE_STANDARD = gnu11;
				GCC_NO_COMMON_BLOCKS = YES;
				GCC_WARN_64_TO_32_BIT_CONVERSION = YES;
				GCC_WARN_ABOUT_RETURN_TYPE = YES_ERROR;
				GCC_WARN_UNDECLARED_SELECTOR = YES;
				GCC_WARN_UNINITIALIZED_AUTOS = YES_AGGRESSIVE;
				GCC_WARN_UNUSED_FUNCTION = YES;
				GCC_WARN_UNUSED_VARIABLE = YES;
				IPHONEOS_DEPLOYMENT_TARGET = 11.2;
				MTL_ENABLE_DEBUG_INFO = NO;
				SDKROOT = iphoneos;
				SWIFT_OPTIMIZATION_LEVEL = "-Owholemodule";
				VALIDATE_PRODUCT = YES;
			};
			name = Release;
		};
		44DABBA2203E8E1A001E0C65 /* Debug */ = {
			isa = XCBuildConfiguration;
			baseConfigurationReference = 16ED67756B996E7F4DEADE20 /* Pods-TodoList.debug.xcconfig */;
			buildSettings = {
				ASSETCATALOG_COMPILER_APPICON_NAME = AppIcon;
				"CODE_SIGN_IDENTITY[sdk=iphoneos*]" = "iPhone Developer";
				CODE_SIGN_STYLE = Automatic;
				DEVELOPMENT_TEAM = P92HHTP8SE;
				INFOPLIST_FILE = TodoList/Info.plist;
				IPHONEOS_DEPLOYMENT_TARGET = 9.0;
				LD_RUNPATH_SEARCH_PATHS = "$(inherited) @executable_path/Frameworks";
				PRODUCT_BUNDLE_IDENTIFIER = com.virtualcity.arlantern;
				PRODUCT_NAME = "$(TARGET_NAME)";
				PROVISIONING_PROFILE = "";
				PROVISIONING_PROFILE_SPECIFIER = "";
				SWIFT_VERSION = 4.0;
				TARGETED_DEVICE_FAMILY = "1,2";
			};
			name = Debug;
		};
		44DABBA3203E8E1A001E0C65 /* Release */ = {
			isa = XCBuildConfiguration;
			baseConfigurationReference = A257919980FFA9CBB931E8B3 /* Pods-TodoList.release.xcconfig */;
			buildSettings = {
				ASSETCATALOG_COMPILER_APPICON_NAME = AppIcon;
				"CODE_SIGN_IDENTITY[sdk=iphoneos*]" = "iPhone Developer";
				CODE_SIGN_STYLE = Automatic;
				DEVELOPMENT_TEAM = P92HHTP8SE;
				INFOPLIST_FILE = TodoList/Info.plist;
				IPHONEOS_DEPLOYMENT_TARGET = 9.0;
				LD_RUNPATH_SEARCH_PATHS = "$(inherited) @executable_path/Frameworks";
				PRODUCT_BUNDLE_IDENTIFIER = com.virtualcity.arlantern;
				PRODUCT_NAME = "$(TARGET_NAME)";
				PROVISIONING_PROFILE = "";
				PROVISIONING_PROFILE_SPECIFIER = "";
				SWIFT_VERSION = 4.0;
				TARGETED_DEVICE_FAMILY = "1,2";
			};
			name = Release;
		};
/* End XCBuildConfiguration section */

/* Begin XCConfigurationList section */
		44DABB8A203E8E1A001E0C65 /* Build configuration list for PBXProject "TodoList" */ = {
			isa = XCConfigurationList;
			buildConfigurations = (
				44DABB9F203E8E1A001E0C65 /* Debug */,
				44DABBA0203E8E1A001E0C65 /* Release */,
			);
			defaultConfigurationIsVisible = 0;
			defaultConfigurationName = Release;
		};
		44DABBA1203E8E1A001E0C65 /* Build configuration list for PBXNativeTarget "TodoList" */ = {
			isa = XCConfigurationList;
			buildConfigurations = (
				44DABBA2203E8E1A001E0C65 /* Debug */,
				44DABBA3203E8E1A001E0C65 /* Release */,
			);
			defaultConfigurationIsVisible = 0;
			defaultConfigurationName = Release;
		};
/* End XCConfigurationList section */
	};
	rootObject = 44DABB87203E8E1A001E0C65 /* Project object */;
}
